
Microsoft Visual Studio Solution File, Format Version 12.00
# Visual Studio Version 16
VisualStudioVersion = 16.0.30225.117
MinimumVisualStudioVersion = 10.0.40219.1
Project("{FAE04EC0-301F-11D3-BF4B-00C04F79EFBC}") = "InteraktivaProgramInlamning", "InteraktivaProgramInlamning\InteraktivaProgramInlamning.csproj", "{CADBD60B-A7C9-4B7F-BD1A-851E7710DE62}"
EndProject
Global
	GlobalSection(SolutionConfigurationPlatforms) = preSolution
		Debug|Any CPU = Debug|Any CPU
		Release|Any CPU = Release|Any CPU
	EndGlobalSection
	GlobalSection(ProjectConfigurationPlatforms) = postSolution
		{CADBD60B-A7C9-4B7F-BD1A-851E7710DE62}.Debug|Any CPU.ActiveCfg = Debug|Any CPU
		{CADBD60B-A7C9-4B7F-BD1A-851E7710DE62}.Debug|Any CPU.Build.0 = Debug|Any CPU
		{CADBD60B-A7C9-4B7F-BD1A-851E7710DE62}.Release|Any CPU.ActiveCfg = Release|Any CPU
		{CADBD60B-A7C9-4B7F-BD1A-851E7710DE62}.Release|Any CPU.Build.0 = Release|Any CPU
	EndGlobalSection
	GlobalSection(SolutionProperties) = preSolution
		HideSolutionNode = FALSE
	EndGlobalSection
	GlobalSection(ExtensibilityGlobals) = postSolution
		SolutionGuid = {4DE10A30-E05A-4340-8EC4-B4CA2941ED60}
	EndGlobalSection
EndGlobal
